// !$*UTF8*$!
{
	archiveVersion = 1;
	classes = {
	};
	objectVersion = 46;
	objects = {

/* Begin PBXBuildFile section */
		9D0CDAD61E4B5A3000BB945B /* UIEdgeInsets.swift in Sources */ = {isa = PBXBuildFile; fileRef = 9D0CDAD51E4B5A3000BB945B /* UIEdgeInsets.swift */; };
		9D252C221E57286E00B68833 /* Roboto-Bold.ttf in Resources */ = {isa = PBXBuildFile; fileRef = 9D252C211E57286E00B68833 /* Roboto-Bold.ttf */; };
		9D252C241E575B9B00B68833 /* SwipableTableViewController.swift in Sources */ = {isa = PBXBuildFile; fileRef = 9D252C231E575B9B00B68833 /* SwipableTableViewController.swift */; };
		9D2931431E5047560052021F /* Expandable.swift in Sources */ = {isa = PBXBuildFile; fileRef = 9D2931421E5047560052021F /* Expandable.swift */; };
		9D44D0EE1E4C2F8600F6A335 /* ElongationConfig.swift in Sources */ = {isa = PBXBuildFile; fileRef = 9D44D0ED1E4C2F8600F6A335 /* ElongationConfig.swift */; };
		9D44D0F31E4C301000F6A335 /* LoremSwiftum.swift in Sources */ = {isa = PBXBuildFile; fileRef = 9D44D0F21E4C301000F6A335 /* LoremSwiftum.swift */; };
		9D44D0F61E4C3A5E00F6A335 /* Villa.swift in Sources */ = {isa = PBXBuildFile; fileRef = 9D44D0F51E4C3A5E00F6A335 /* Villa.swift */; };
		9D69D1311E4EF2A900D38C59 /* Roboto-Medium.ttf in Resources */ = {isa = PBXBuildFile; fileRef = 9D69D12F1E4EF2A900D38C59 /* Roboto-Medium.ttf */; };
		9D69D1321E4EF2A900D38C59 /* Roboto-Regular.ttf in Resources */ = {isa = PBXBuildFile; fileRef = 9D69D1301E4EF2A900D38C59 /* Roboto-Regular.ttf */; };
		9D69D13B1E4EF31C00D38C59 /* UIFont.swift in Sources */ = {isa = PBXBuildFile; fileRef = 9D69D13A1E4EF31C00D38C59 /* UIFont.swift */; };
		9D69D13D1E4F339300D38C59 /* ElongationTransition.swift in Sources */ = {isa = PBXBuildFile; fileRef = 9D69D13C1E4F339300D38C59 /* ElongationTransition.swift */; };
		9D69D13F1E4F344B00D38C59 /* ElongationDetailViewController.swift in Sources */ = {isa = PBXBuildFile; fileRef = 9D69D13E1E4F344B00D38C59 /* ElongationDetailViewController.swift */; };
		9D873CEB1E7C2A1200826500 /* ElongationPreviewUITests.swift in Sources */ = {isa = PBXBuildFile; fileRef = 9D873CEA1E7C2A1200826500 /* ElongationPreviewUITests.swift */; };
		9D8937311E539DDD00FDC29D /* DetailViewController.swift in Sources */ = {isa = PBXBuildFile; fileRef = 9D8937301E539DDD00FDC29D /* DetailViewController.swift */; };
		9DC8E8841E4B3CAD00C04F79 /* UICollectionView.swift in Sources */ = {isa = PBXBuildFile; fileRef = 9DC8E8821E4B3CAD00C04F79 /* UICollectionView.swift */; };
		9DC8E8851E4B3CAD00C04F79 /* UITableView.swift in Sources */ = {isa = PBXBuildFile; fileRef = 9DC8E8831E4B3CAD00C04F79 /* UITableView.swift */; };
		9DC8E8921E4B3D0800C04F79 /* ElongationViewController.swift in Sources */ = {isa = PBXBuildFile; fileRef = 9DC8E88E1E4B3D0800C04F79 /* ElongationViewController.swift */; };
		9DC8E8951E4B45F300C04F79 /* ElongationPreview.framework in Frameworks */ = {isa = PBXBuildFile; fileRef = 9DE4FAC31E4B1A02008502A3 /* ElongationPreview.framework */; };
		9DC8E8961E4B45F300C04F79 /* ElongationPreview.framework in Embed Frameworks */ = {isa = PBXBuildFile; fileRef = 9DE4FAC31E4B1A02008502A3 /* ElongationPreview.framework */; settings = {ATTRIBUTES = (CodeSignOnCopy, RemoveHeadersOnCopy, ); }; };
		9DE4FAC81E4B1A02008502A3 /* ElongationPreview.h in Headers */ = {isa = PBXBuildFile; fileRef = 9DE4FAC61E4B1A02008502A3 /* ElongationPreview.h */; settings = {ATTRIBUTES = (Public, ); }; };
		9DE4FAD51E4B1A15008502A3 /* AppDelegate.swift in Sources */ = {isa = PBXBuildFile; fileRef = 9DE4FAD41E4B1A15008502A3 /* AppDelegate.swift */; };
		9DE4FAD71E4B1A15008502A3 /* ViewController.swift in Sources */ = {isa = PBXBuildFile; fileRef = 9DE4FAD61E4B1A15008502A3 /* ViewController.swift */; };
		9DE4FADA1E4B1A15008502A3 /* Main.storyboard in Resources */ = {isa = PBXBuildFile; fileRef = 9DE4FAD81E4B1A15008502A3 /* Main.storyboard */; };
		9DE4FADC1E4B1A15008502A3 /* Assets.xcassets in Resources */ = {isa = PBXBuildFile; fileRef = 9DE4FADB1E4B1A15008502A3 /* Assets.xcassets */; };
		9DE4FADF1E4B1A15008502A3 /* LaunchScreen.storyboard in Resources */ = {isa = PBXBuildFile; fileRef = 9DE4FADD1E4B1A15008502A3 /* LaunchScreen.storyboard */; };
		9DF1BC551E5B5A5500AFB21C /* ElongationCell.swift in Sources */ = {isa = PBXBuildFile; fileRef = 9DF1BC531E5B5A5500AFB21C /* ElongationCell.swift */; };
		9DF1BC561E5B5A5500AFB21C /* ElongationHeader.swift in Sources */ = {isa = PBXBuildFile; fileRef = 9DF1BC541E5B5A5500AFB21C /* ElongationHeader.swift */; };
		9DF1BC5D1E5B5A7700AFB21C /* DemoElongationCell.swift in Sources */ = {isa = PBXBuildFile; fileRef = 9DF1BC581E5B5A7700AFB21C /* DemoElongationCell.swift */; };
		9DF1BC5E1E5B5A7700AFB21C /* DemoElongationCell.xib in Resources */ = {isa = PBXBuildFile; fileRef = 9DF1BC591E5B5A7700AFB21C /* DemoElongationCell.xib */; };
		9DF1BC5F1E5B5A7700AFB21C /* GridViewCell.swift in Sources */ = {isa = PBXBuildFile; fileRef = 9DF1BC5B1E5B5A7700AFB21C /* GridViewCell.swift */; };
		9DF1BC601E5B5A7700AFB21C /* GridViewCell.xib in Resources */ = {isa = PBXBuildFile; fileRef = 9DF1BC5C1E5B5A7700AFB21C /* GridViewCell.xib */; };
/* End PBXBuildFile section */

/* Begin PBXContainerItemProxy section */
		9D873CED1E7C2A1200826500 /* PBXContainerItemProxy */ = {
			isa = PBXContainerItemProxy;
			containerPortal = 9DE4FABA1E4B1A02008502A3 /* Project object */;
			proxyType = 1;
			remoteGlobalIDString = 9DE4FAD11E4B1A15008502A3;
			remoteInfo = ElongationPreviewDemo;
		};
		9DC8E8971E4B45F300C04F79 /* PBXContainerItemProxy */ = {
			isa = PBXContainerItemProxy;
			containerPortal = 9DE4FABA1E4B1A02008502A3 /* Project object */;
			proxyType = 1;
			remoteGlobalIDString = 9DE4FAC21E4B1A02008502A3;
			remoteInfo = ElongationPreview;
		};
/* End PBXContainerItemProxy section */

/* Begin PBXCopyFilesBuildPhase section */
		9DC8E8991E4B45F300C04F79 /* Embed Frameworks */ = {
			isa = PBXCopyFilesBuildPhase;
			buildActionMask = 2147483647;
			dstPath = "";
			dstSubfolderSpec = 10;
			files = (
				9DC8E8961E4B45F300C04F79 /* ElongationPreview.framework in Embed Frameworks */,
			);
			name = "Embed Frameworks";
			runOnlyForDeploymentPostprocessing = 0;
		};
/* End PBXCopyFilesBuildPhase section */

/* Begin PBXFileReference section */
		9D0CDAD51E4B5A3000BB945B /* UIEdgeInsets.swift */ = {isa = PBXFileReference; fileEncoding = 4; lastKnownFileType = sourcecode.swift; path = UIEdgeInsets.swift; sourceTree = "<group>"; };
		9D252C211E57286E00B68833 /* Roboto-Bold.ttf */ = {isa = PBXFileReference; lastKnownFileType = file; path = "Roboto-Bold.ttf"; sourceTree = "<group>"; };
		9D252C231E575B9B00B68833 /* SwipableTableViewController.swift */ = {isa = PBXFileReference; fileEncoding = 4; lastKnownFileType = sourcecode.swift; path = SwipableTableViewController.swift; sourceTree = "<group>"; };
		9D2931421E5047560052021F /* Expandable.swift */ = {isa = PBXFileReference; fileEncoding = 4; lastKnownFileType = sourcecode.swift; path = Expandable.swift; sourceTree = "<group>"; };
		9D44D0ED1E4C2F8600F6A335 /* ElongationConfig.swift */ = {isa = PBXFileReference; fileEncoding = 4; lastKnownFileType = sourcecode.swift; path = ElongationConfig.swift; sourceTree = "<group>"; };
		9D44D0F21E4C301000F6A335 /* LoremSwiftum.swift */ = {isa = PBXFileReference; fileEncoding = 4; lastKnownFileType = sourcecode.swift; path = LoremSwiftum.swift; sourceTree = "<group>"; };
		9D44D0F51E4C3A5E00F6A335 /* Villa.swift */ = {isa = PBXFileReference; fileEncoding = 4; lastKnownFileType = sourcecode.swift; path = Villa.swift; sourceTree = "<group>"; };
		9D69D12F1E4EF2A900D38C59 /* Roboto-Medium.ttf */ = {isa = PBXFileReference; lastKnownFileType = file; path = "Roboto-Medium.ttf"; sourceTree = "<group>"; };
		9D69D1301E4EF2A900D38C59 /* Roboto-Regular.ttf */ = {isa = PBXFileReference; lastKnownFileType = file; path = "Roboto-Regular.ttf"; sourceTree = "<group>"; };
		9D69D13A1E4EF31C00D38C59 /* UIFont.swift */ = {isa = PBXFileReference; fileEncoding = 4; lastKnownFileType = sourcecode.swift; path = UIFont.swift; sourceTree = "<group>"; };
		9D69D13C1E4F339300D38C59 /* ElongationTransition.swift */ = {isa = PBXFileReference; fileEncoding = 4; lastKnownFileType = sourcecode.swift; path = ElongationTransition.swift; sourceTree = "<group>"; };
		9D69D13E1E4F344B00D38C59 /* ElongationDetailViewController.swift */ = {isa = PBXFileReference; fileEncoding = 4; lastKnownFileType = sourcecode.swift; path = ElongationDetailViewController.swift; sourceTree = "<group>"; };
		9D873CE81E7C2A1200826500 /* ElongationPreviewUITests.xctest */ = {isa = PBXFileReference; explicitFileType = wrapper.cfbundle; includeInIndex = 0; path = ElongationPreviewUITests.xctest; sourceTree = BUILT_PRODUCTS_DIR; };
		9D873CEA1E7C2A1200826500 /* ElongationPreviewUITests.swift */ = {isa = PBXFileReference; lastKnownFileType = sourcecode.swift; path = ElongationPreviewUITests.swift; sourceTree = "<group>"; };
		9D873CEC1E7C2A1200826500 /* Info.plist */ = {isa = PBXFileReference; lastKnownFileType = text.plist.xml; path = Info.plist; sourceTree = "<group>"; };
		9D8937301E539DDD00FDC29D /* DetailViewController.swift */ = {isa = PBXFileReference; fileEncoding = 4; lastKnownFileType = sourcecode.swift; path = DetailViewController.swift; sourceTree = "<group>"; };
		9DC8E8821E4B3CAD00C04F79 /* UICollectionView.swift */ = {isa = PBXFileReference; fileEncoding = 4; lastKnownFileType = sourcecode.swift; path = UICollectionView.swift; sourceTree = "<group>"; };
		9DC8E8831E4B3CAD00C04F79 /* UITableView.swift */ = {isa = PBXFileReference; fileEncoding = 4; lastKnownFileType = sourcecode.swift; path = UITableView.swift; sourceTree = "<group>"; };
		9DC8E88E1E4B3D0800C04F79 /* ElongationViewController.swift */ = {isa = PBXFileReference; fileEncoding = 4; lastKnownFileType = sourcecode.swift; path = ElongationViewController.swift; sourceTree = "<group>"; };
		9DE4FAC31E4B1A02008502A3 /* ElongationPreview.framework */ = {isa = PBXFileReference; explicitFileType = wrapper.framework; includeInIndex = 0; path = ElongationPreview.framework; sourceTree = BUILT_PRODUCTS_DIR; };
		9DE4FAC61E4B1A02008502A3 /* ElongationPreview.h */ = {isa = PBXFileReference; lastKnownFileType = sourcecode.c.h; path = ElongationPreview.h; sourceTree = "<group>"; };
		9DE4FAC71E4B1A02008502A3 /* Info.plist */ = {isa = PBXFileReference; lastKnownFileType = text.plist.xml; path = Info.plist; sourceTree = "<group>"; };
		9DE4FAD21E4B1A15008502A3 /* ElongationPreviewDemo.app */ = {isa = PBXFileReference; explicitFileType = wrapper.application; includeInIndex = 0; path = ElongationPreviewDemo.app; sourceTree = BUILT_PRODUCTS_DIR; };
		9DE4FAD41E4B1A15008502A3 /* AppDelegate.swift */ = {isa = PBXFileReference; lastKnownFileType = sourcecode.swift; path = AppDelegate.swift; sourceTree = "<group>"; };
		9DE4FAD61E4B1A15008502A3 /* ViewController.swift */ = {isa = PBXFileReference; lastKnownFileType = sourcecode.swift; path = ViewController.swift; sourceTree = "<group>"; };
		9DE4FAD91E4B1A15008502A3 /* Base */ = {isa = PBXFileReference; lastKnownFileType = file.storyboard; name = Base; path = Base.lproj/Main.storyboard; sourceTree = "<group>"; };
		9DE4FADB1E4B1A15008502A3 /* Assets.xcassets */ = {isa = PBXFileReference; lastKnownFileType = folder.assetcatalog; path = Assets.xcassets; sourceTree = "<group>"; };
		9DE4FADE1E4B1A15008502A3 /* Base */ = {isa = PBXFileReference; lastKnownFileType = file.storyboard; name = Base; path = Base.lproj/LaunchScreen.storyboard; sourceTree = "<group>"; };
		9DE4FAE01E4B1A15008502A3 /* Info.plist */ = {isa = PBXFileReference; lastKnownFileType = text.plist.xml; path = Info.plist; sourceTree = "<group>"; };
		9DF1BC531E5B5A5500AFB21C /* ElongationCell.swift */ = {isa = PBXFileReference; fileEncoding = 4; lastKnownFileType = sourcecode.swift; path = ElongationCell.swift; sourceTree = "<group>"; };
		9DF1BC541E5B5A5500AFB21C /* ElongationHeader.swift */ = {isa = PBXFileReference; fileEncoding = 4; lastKnownFileType = sourcecode.swift; path = ElongationHeader.swift; sourceTree = "<group>"; };
		9DF1BC581E5B5A7700AFB21C /* DemoElongationCell.swift */ = {isa = PBXFileReference; fileEncoding = 4; lastKnownFileType = sourcecode.swift; path = DemoElongationCell.swift; sourceTree = "<group>"; };
		9DF1BC591E5B5A7700AFB21C /* DemoElongationCell.xib */ = {isa = PBXFileReference; fileEncoding = 4; lastKnownFileType = file.xib; path = DemoElongationCell.xib; sourceTree = "<group>"; };
		9DF1BC5B1E5B5A7700AFB21C /* GridViewCell.swift */ = {isa = PBXFileReference; fileEncoding = 4; lastKnownFileType = sourcecode.swift; path = GridViewCell.swift; sourceTree = "<group>"; };
		9DF1BC5C1E5B5A7700AFB21C /* GridViewCell.xib */ = {isa = PBXFileReference; fileEncoding = 4; lastKnownFileType = file.xib; path = GridViewCell.xib; sourceTree = "<group>"; };
/* End PBXFileReference section */

/* Begin PBXFrameworksBuildPhase section */
		9D873CE51E7C2A1200826500 /* Frameworks */ = {
			isa = PBXFrameworksBuildPhase;
			buildActionMask = 2147483647;
			files = (
			);
			runOnlyForDeploymentPostprocessing = 0;
		};
		9DE4FABF1E4B1A02008502A3 /* Frameworks */ = {
			isa = PBXFrameworksBuildPhase;
			buildActionMask = 2147483647;
			files = (
			);
			runOnlyForDeploymentPostprocessing = 0;
		};
		9DE4FACF1E4B1A15008502A3 /* Frameworks */ = {
			isa = PBXFrameworksBuildPhase;
			buildActionMask = 2147483647;
			files = (
				9DC8E8951E4B45F300C04F79 /* ElongationPreview.framework in Frameworks */,
			);
			runOnlyForDeploymentPostprocessing = 0;
		};
/* End PBXFrameworksBuildPhase section */

/* Begin PBXGroup section */
		9D44D0F11E4C301000F6A335 /* Helpers */ = {
			isa = PBXGroup;
			children = (
				9D44D0F21E4C301000F6A335 /* LoremSwiftum.swift */,
			);
			path = Helpers;
			sourceTree = "<group>";
		};
		9D44D0F41E4C3A5100F6A335 /* Model */ = {
			isa = PBXGroup;
			children = (
				9D44D0F51E4C3A5E00F6A335 /* Villa.swift */,
			);
			name = Model;
			sourceTree = "<group>";
		};
		9D69D12E1E4EF2A900D38C59 /* Resources */ = {
			isa = PBXGroup;
			children = (
				9D252C211E57286E00B68833 /* Roboto-Bold.ttf */,
				9D69D12F1E4EF2A900D38C59 /* Roboto-Medium.ttf */,
				9D69D1301E4EF2A900D38C59 /* Roboto-Regular.ttf */,
			);
			path = Resources;
			sourceTree = "<group>";
		};
		9D69D1341E4EF2FF00D38C59 /* Views */ = {
			isa = PBXGroup;
			children = (
				9DF1BC571E5B5A7700AFB21C /* DemoElongationCell */,
				9DF1BC5A1E5B5A7700AFB21C /* GridViewCell */,
			);
			path = Views;
			sourceTree = "<group>";
		};
		9D69D1391E4EF30D00D38C59 /* Extensions */ = {
			isa = PBXGroup;
			children = (
				9D69D13A1E4EF31C00D38C59 /* UIFont.swift */,
			);
			path = Extensions;
			sourceTree = "<group>";
		};
		9D873CE91E7C2A1200826500 /* ElongationPreviewUITests */ = {
			isa = PBXGroup;
			children = (
				9D873CEA1E7C2A1200826500 /* ElongationPreviewUITests.swift */,
				9D873CEC1E7C2A1200826500 /* Info.plist */,
			);
			path = ElongationPreviewUITests;
			sourceTree = "<group>";
		};
		9DC8E8811E4B3CAD00C04F79 /* Extensions */ = {
			isa = PBXGroup;
			children = (
				9DC8E8821E4B3CAD00C04F79 /* UICollectionView.swift */,
				9D0CDAD51E4B5A3000BB945B /* UIEdgeInsets.swift */,
				9DC8E8831E4B3CAD00C04F79 /* UITableView.swift */,
			);
			path = Extensions;
			sourceTree = "<group>";
		};
		9DC8E8861E4B3CEB00C04F79 /* Source */ = {
			isa = PBXGroup;
			children = (
				9DC8E88D1E4B3D0800C04F79 /* ViewControllers */,
				9DC8E88F1E4B3D0800C04F79 /* Views */,
				9D44D0ED1E4C2F8600F6A335 /* ElongationConfig.swift */,
				9D69D13C1E4F339300D38C59 /* ElongationTransition.swift */,
				9D2931421E5047560052021F /* Expandable.swift */,
			);
			path = Source;
			sourceTree = "<group>";
		};
		9DC8E88D1E4B3D0800C04F79 /* ViewControllers */ = {
			isa = PBXGroup;
			children = (
				9DC8E88E1E4B3D0800C04F79 /* ElongationViewController.swift */,
				9D69D13E1E4F344B00D38C59 /* ElongationDetailViewController.swift */,
				9D252C231E575B9B00B68833 /* SwipableTableViewController.swift */,
			);
			path = ViewControllers;
			sourceTree = "<group>";
		};
		9DC8E88F1E4B3D0800C04F79 /* Views */ = {
			isa = PBXGroup;
			children = (
				9DF1BC531E5B5A5500AFB21C /* ElongationCell.swift */,
				9DF1BC541E5B5A5500AFB21C /* ElongationHeader.swift */,
			);
			path = Views;
			sourceTree = "<group>";
		};
		9DE4FAB91E4B1A02008502A3 = {
			isa = PBXGroup;
			children = (
				9DE4FAC51E4B1A02008502A3 /* ElongationPreview */,
				9DE4FAD31E4B1A15008502A3 /* ElongationPreviewDemo */,
				9D873CE91E7C2A1200826500 /* ElongationPreviewUITests */,
				9DE4FAC41E4B1A02008502A3 /* Products */,
			);
			sourceTree = "<group>";
		};
		9DE4FAC41E4B1A02008502A3 /* Products */ = {
			isa = PBXGroup;
			children = (
				9DE4FAC31E4B1A02008502A3 /* ElongationPreview.framework */,
				9DE4FAD21E4B1A15008502A3 /* ElongationPreviewDemo.app */,
				9D873CE81E7C2A1200826500 /* ElongationPreviewUITests.xctest */,
			);
			name = Products;
			sourceTree = "<group>";
		};
		9DE4FAC51E4B1A02008502A3 /* ElongationPreview */ = {
			isa = PBXGroup;
			children = (
				9DC8E8861E4B3CEB00C04F79 /* Source */,
				9DC8E8811E4B3CAD00C04F79 /* Extensions */,
				9DF14FEA1E4DD40200F20A63 /* Resources */,
			);
			path = ElongationPreview;
			sourceTree = "<group>";
		};
		9DE4FAD31E4B1A15008502A3 /* ElongationPreviewDemo */ = {
			isa = PBXGroup;
			children = (
				9DE4FAD41E4B1A15008502A3 /* AppDelegate.swift */,
				9DE4FAD61E4B1A15008502A3 /* ViewController.swift */,
				9D8937301E539DDD00FDC29D /* DetailViewController.swift */,
				9DE4FAD81E4B1A15008502A3 /* Main.storyboard */,
				9DE4FADB1E4B1A15008502A3 /* Assets.xcassets */,
				9DE4FADD1E4B1A15008502A3 /* LaunchScreen.storyboard */,
				9DE4FAE01E4B1A15008502A3 /* Info.plist */,
				9D69D1391E4EF30D00D38C59 /* Extensions */,
				9D44D0F11E4C301000F6A335 /* Helpers */,
				9D44D0F41E4C3A5100F6A335 /* Model */,
				9D69D12E1E4EF2A900D38C59 /* Resources */,
				9D69D1341E4EF2FF00D38C59 /* Views */,
			);
			path = ElongationPreviewDemo;
			sourceTree = "<group>";
		};
		9DF14FEA1E4DD40200F20A63 /* Resources */ = {
			isa = PBXGroup;
			children = (
				9DE4FAC61E4B1A02008502A3 /* ElongationPreview.h */,
				9DE4FAC71E4B1A02008502A3 /* Info.plist */,
			);
			name = Resources;
			sourceTree = "<group>";
		};
		9DF1BC571E5B5A7700AFB21C /* DemoElongationCell */ = {
			isa = PBXGroup;
			children = (
				9DF1BC581E5B5A7700AFB21C /* DemoElongationCell.swift */,
				9DF1BC591E5B5A7700AFB21C /* DemoElongationCell.xib */,
			);
			path = DemoElongationCell;
			sourceTree = "<group>";
		};
		9DF1BC5A1E5B5A7700AFB21C /* GridViewCell */ = {
			isa = PBXGroup;
			children = (
				9DF1BC5B1E5B5A7700AFB21C /* GridViewCell.swift */,
				9DF1BC5C1E5B5A7700AFB21C /* GridViewCell.xib */,
			);
			path = GridViewCell;
			sourceTree = "<group>";
		};
/* End PBXGroup section */

/* Begin PBXHeadersBuildPhase section */
		9DE4FAC01E4B1A02008502A3 /* Headers */ = {
			isa = PBXHeadersBuildPhase;
			buildActionMask = 2147483647;
			files = (
				9DE4FAC81E4B1A02008502A3 /* ElongationPreview.h in Headers */,
			);
			runOnlyForDeploymentPostprocessing = 0;
		};
/* End PBXHeadersBuildPhase section */

/* Begin PBXNativeTarget section */
		9D873CE71E7C2A1200826500 /* ElongationPreviewUITests */ = {
			isa = PBXNativeTarget;
			buildConfigurationList = 9D873CF11E7C2A1200826500 /* Build configuration list for PBXNativeTarget "ElongationPreviewUITests" */;
			buildPhases = (
				9D873CE41E7C2A1200826500 /* Sources */,
				9D873CE51E7C2A1200826500 /* Frameworks */,
				9D873CE61E7C2A1200826500 /* Resources */,
			);
			buildRules = (
			);
			dependencies = (
				9D873CEE1E7C2A1200826500 /* PBXTargetDependency */,
			);
			name = ElongationPreviewUITests;
			productName = ElongationPreviewUITests;
			productReference = 9D873CE81E7C2A1200826500 /* ElongationPreviewUITests.xctest */;
			productType = "com.apple.product-type.bundle.ui-testing";
		};
		9DE4FAC21E4B1A02008502A3 /* ElongationPreview */ = {
			isa = PBXNativeTarget;
			buildConfigurationList = 9DE4FACB1E4B1A02008502A3 /* Build configuration list for PBXNativeTarget "ElongationPreview" */;
			buildPhases = (
				9DE4FABE1E4B1A02008502A3 /* Sources */,
				9DE4FABF1E4B1A02008502A3 /* Frameworks */,
				9DE4FAC01E4B1A02008502A3 /* Headers */,
				9DE4FAC11E4B1A02008502A3 /* Resources */,
			);
			buildRules = (
			);
			dependencies = (
			);
			name = ElongationPreview;
			productName = ElongationPreview;
			productReference = 9DE4FAC31E4B1A02008502A3 /* ElongationPreview.framework */;
			productType = "com.apple.product-type.framework";
		};
		9DE4FAD11E4B1A15008502A3 /* ElongationPreviewDemo */ = {
			isa = PBXNativeTarget;
			buildConfigurationList = 9DE4FAE11E4B1A15008502A3 /* Build configuration list for PBXNativeTarget "ElongationPreviewDemo" */;
			buildPhases = (
				9DE4FACE1E4B1A15008502A3 /* Sources */,
				9DE4FACF1E4B1A15008502A3 /* Frameworks */,
				9DE4FAD01E4B1A15008502A3 /* Resources */,
				9DC8E8991E4B45F300C04F79 /* Embed Frameworks */,
			);
			buildRules = (
			);
			dependencies = (
				9DC8E8981E4B45F300C04F79 /* PBXTargetDependency */,
			);
			name = ElongationPreviewDemo;
			productName = ElongationPreviewDemo;
			productReference = 9DE4FAD21E4B1A15008502A3 /* ElongationPreviewDemo.app */;
			productType = "com.apple.product-type.application";
		};
/* End PBXNativeTarget section */

/* Begin PBXProject section */
		9DE4FABA1E4B1A02008502A3 /* Project object */ = {
			isa = PBXProject;
			attributes = {
				LastSwiftUpdateCheck = 0820;
				LastUpgradeCheck = 0910;
				ORGANIZATIONNAME = Ramotion;
				TargetAttributes = {
					9D873CE71E7C2A1200826500 = {
						CreatedOnToolsVersion = 8.2.1;
						DevelopmentTeam = 2VFCBFYPFW;
						ProvisioningStyle = Automatic;
						TestTargetID = 9DE4FAD11E4B1A15008502A3;
					};
					9DE4FAC21E4B1A02008502A3 = {
						CreatedOnToolsVersion = 8.2.1;
						LastSwiftMigration = 0820;
						ProvisioningStyle = Automatic;
					};
					9DE4FAD11E4B1A15008502A3 = {
						CreatedOnToolsVersion = 8.2.1;
						DevelopmentTeam = 486STKKP6Y;
						ProvisioningStyle = Automatic;
					};
				};
			};
			buildConfigurationList = 9DE4FABD1E4B1A02008502A3 /* Build configuration list for PBXProject "ElongationPreview" */;
			compatibilityVersion = "Xcode 3.2";
			developmentRegion = English;
			hasScannedForEncodings = 0;
			knownRegions = (
				en,
				Base,
			);
			mainGroup = 9DE4FAB91E4B1A02008502A3;
			productRefGroup = 9DE4FAC41E4B1A02008502A3 /* Products */;
			projectDirPath = "";
			projectRoot = "";
			targets = (
				9DE4FAC21E4B1A02008502A3 /* ElongationPreview */,
				9DE4FAD11E4B1A15008502A3 /* ElongationPreviewDemo */,
				9D873CE71E7C2A1200826500 /* ElongationPreviewUITests */,
			);
		};
/* End PBXProject section */

/* Begin PBXResourcesBuildPhase section */
		9D873CE61E7C2A1200826500 /* Resources */ = {
			isa = PBXResourcesBuildPhase;
			buildActionMask = 2147483647;
			files = (
			);
			runOnlyForDeploymentPostprocessing = 0;
		};
		9DE4FAC11E4B1A02008502A3 /* Resources */ = {
			isa = PBXResourcesBuildPhase;
			buildActionMask = 2147483647;
			files = (
			);
			runOnlyForDeploymentPostprocessing = 0;
		};
		9DE4FAD01E4B1A15008502A3 /* Resources */ = {
			isa = PBXResourcesBuildPhase;
			buildActionMask = 2147483647;
			files = (
				9D252C221E57286E00B68833 /* Roboto-Bold.ttf in Resources */,
				9DF1BC5E1E5B5A7700AFB21C /* DemoElongationCell.xib in Resources */,
				9DF1BC601E5B5A7700AFB21C /* GridViewCell.xib in Resources */,
				9D69D1321E4EF2A900D38C59 /* Roboto-Regular.ttf in Resources */,
				9D69D1311E4EF2A900D38C59 /* Roboto-Medium.ttf in Resources */,
				9DE4FADF1E4B1A15008502A3 /* LaunchScreen.storyboard in Resources */,
				9DE4FADC1E4B1A15008502A3 /* Assets.xcassets in Resources */,
				9DE4FADA1E4B1A15008502A3 /* Main.storyboard in Resources */,
			);
			runOnlyForDeploymentPostprocessing = 0;
		};
/* End PBXResourcesBuildPhase section */

/* Begin PBXSourcesBuildPhase section */
		9D873CE41E7C2A1200826500 /* Sources */ = {
			isa = PBXSourcesBuildPhase;
			buildActionMask = 2147483647;
			files = (
				9D873CEB1E7C2A1200826500 /* ElongationPreviewUITests.swift in Sources */,
			);
			runOnlyForDeploymentPostprocessing = 0;
		};
		9DE4FABE1E4B1A02008502A3 /* Sources */ = {
			isa = PBXSourcesBuildPhase;
			buildActionMask = 2147483647;
			files = (
				9DF1BC561E5B5A5500AFB21C /* ElongationHeader.swift in Sources */,
				9DC8E8851E4B3CAD00C04F79 /* UITableView.swift in Sources */,
				9D69D13F1E4F344B00D38C59 /* ElongationDetailViewController.swift in Sources */,
				9D2931431E5047560052021F /* Expandable.swift in Sources */,
				9D0CDAD61E4B5A3000BB945B /* UIEdgeInsets.swift in Sources */,
				9D252C241E575B9B00B68833 /* SwipableTableViewController.swift in Sources */,
				9D69D13D1E4F339300D38C59 /* ElongationTransition.swift in Sources */,
				9DC8E8841E4B3CAD00C04F79 /* UICollectionView.swift in Sources */,
				9D44D0EE1E4C2F8600F6A335 /* ElongationConfig.swift in Sources */,
				9DC8E8921E4B3D0800C04F79 /* ElongationViewController.swift in Sources */,
				9DF1BC551E5B5A5500AFB21C /* ElongationCell.swift in Sources */,
			);
			runOnlyForDeploymentPostprocessing = 0;
		};
		9DE4FACE1E4B1A15008502A3 /* Sources */ = {
			isa = PBXSourcesBuildPhase;
			buildActionMask = 2147483647;
			files = (
				9DE4FAD71E4B1A15008502A3 /* ViewController.swift in Sources */,
				9DE4FAD51E4B1A15008502A3 /* AppDelegate.swift in Sources */,
				9D69D13B1E4EF31C00D38C59 /* UIFont.swift in Sources */,
				9D44D0F61E4C3A5E00F6A335 /* Villa.swift in Sources */,
				9D44D0F31E4C301000F6A335 /* LoremSwiftum.swift in Sources */,
				9D8937311E539DDD00FDC29D /* DetailViewController.swift in Sources */,
				9DF1BC5F1E5B5A7700AFB21C /* GridViewCell.swift in Sources */,
				9DF1BC5D1E5B5A7700AFB21C /* DemoElongationCell.swift in Sources */,
			);
			runOnlyForDeploymentPostprocessing = 0;
		};
/* End PBXSourcesBuildPhase section */

/* Begin PBXTargetDependency section */
		9D873CEE1E7C2A1200826500 /* PBXTargetDependency */ = {
			isa = PBXTargetDependency;
			target = 9DE4FAD11E4B1A15008502A3 /* ElongationPreviewDemo */;
			targetProxy = 9D873CED1E7C2A1200826500 /* PBXContainerItemProxy */;
		};
		9DC8E8981E4B45F300C04F79 /* PBXTargetDependency */ = {
			isa = PBXTargetDependency;
			target = 9DE4FAC21E4B1A02008502A3 /* ElongationPreview */;
			targetProxy = 9DC8E8971E4B45F300C04F79 /* PBXContainerItemProxy */;
		};
/* End PBXTargetDependency section */

/* Begin PBXVariantGroup section */
		9DE4FAD81E4B1A15008502A3 /* Main.storyboard */ = {
			isa = PBXVariantGroup;
			children = (
				9DE4FAD91E4B1A15008502A3 /* Base */,
			);
			name = Main.storyboard;
			sourceTree = "<group>";
		};
		9DE4FADD1E4B1A15008502A3 /* LaunchScreen.storyboard */ = {
			isa = PBXVariantGroup;
			children = (
				9DE4FADE1E4B1A15008502A3 /* Base */,
			);
			name = LaunchScreen.storyboard;
			sourceTree = "<group>";
		};
/* End PBXVariantGroup section */

/* Begin XCBuildConfiguration section */
		9D873CEF1E7C2A1200826500 /* Debug */ = {
			isa = XCBuildConfiguration;
			buildSettings = {
				DEVELOPMENT_TEAM = 2VFCBFYPFW;
				INFOPLIST_FILE = ElongationPreviewUITests/Info.plist;
				IPHONEOS_DEPLOYMENT_TARGET = 10.2;
				LD_RUNPATH_SEARCH_PATHS = "$(inherited) @executable_path/Frameworks @loader_path/Frameworks";
				PRODUCT_BUNDLE_IDENTIFIER = com.ramotion.ElongationPreviewUITests;
				PRODUCT_NAME = "$(TARGET_NAME)";
				SWIFT_VERSION = 3.0;
				TEST_TARGET_NAME = ElongationPreviewDemo;
			};
			name = Debug;
		};
		9D873CF01E7C2A1200826500 /* Release */ = {
			isa = XCBuildConfiguration;
			buildSettings = {
				DEVELOPMENT_TEAM = 2VFCBFYPFW;
				INFOPLIST_FILE = ElongationPreviewUITests/Info.plist;
				IPHONEOS_DEPLOYMENT_TARGET = 10.2;
				LD_RUNPATH_SEARCH_PATHS = "$(inherited) @executable_path/Frameworks @loader_path/Frameworks";
				PRODUCT_BUNDLE_IDENTIFIER = com.ramotion.ElongationPreviewUITests;
				PRODUCT_NAME = "$(TARGET_NAME)";
				SWIFT_VERSION = 3.0;
				TEST_TARGET_NAME = ElongationPreviewDemo;
			};
			name = Release;
		};
		9DE4FAC91E4B1A02008502A3 /* Debug */ = {
			isa = XCBuildConfiguration;
			buildSettings = {
				ALWAYS_SEARCH_USER_PATHS = NO;
				CLANG_ANALYZER_NONNULL = YES;
				CLANG_CXX_LANGUAGE_STANDARD = "gnu++0x";
				CLANG_CXX_LIBRARY = "libc++";
				CLANG_ENABLE_MODULES = YES;
				CLANG_ENABLE_OBJC_ARC = YES;
				CLANG_WARN_BLOCK_CAPTURE_AUTORELEASING = YES;
				CLANG_WARN_BOOL_CONVERSION = YES;
				CLANG_WARN_COMMA = YES;
				CLANG_WARN_CONSTANT_CONVERSION = YES;
				CLANG_WARN_DIRECT_OBJC_ISA_USAGE = YES_ERROR;
				CLANG_WARN_DOCUMENTATION_COMMENTS = YES;
				CLANG_WARN_EMPTY_BODY = YES;
				CLANG_WARN_ENUM_CONVERSION = YES;
				CLANG_WARN_INFINITE_RECURSION = YES;
				CLANG_WARN_INT_CONVERSION = YES;
				CLANG_WARN_NON_LITERAL_NULL_CONVERSION = YES;
				CLANG_WARN_OBJC_LITERAL_CONVERSION = YES;
				CLANG_WARN_OBJC_ROOT_CLASS = YES_ERROR;
				CLANG_WARN_RANGE_LOOP_ANALYSIS = YES;
				CLANG_WARN_STRICT_PROTOTYPES = YES;
				CLANG_WARN_SUSPICIOUS_MOVE = YES;
				CLANG_WARN_UNREACHABLE_CODE = YES;
				CLANG_WARN__DUPLICATE_METHOD_MATCH = YES;
				"CODE_SIGN_IDENTITY[sdk=iphoneos*]" = "iPhone Developer";
				COPY_PHASE_STRIP = NO;
				CURRENT_PROJECT_VERSION = 1;
				DEBUG_INFORMATION_FORMAT = dwarf;
				ENABLE_STRICT_OBJC_MSGSEND = YES;
				ENABLE_TESTABILITY = YES;
				GCC_C_LANGUAGE_STANDARD = gnu99;
				GCC_DYNAMIC_NO_PIC = NO;
				GCC_NO_COMMON_BLOCKS = YES;
				GCC_OPTIMIZATION_LEVEL = 0;
				GCC_PREPROCESSOR_DEFINITIONS = (
					"DEBUG=1",
					"$(inherited)",
				);
				GCC_WARN_64_TO_32_BIT_CONVERSION = YES;
				GCC_WARN_ABOUT_RETURN_TYPE = YES_ERROR;
				GCC_WARN_UNDECLARED_SELECTOR = YES;
				GCC_WARN_UNINITIALIZED_AUTOS = YES_AGGRESSIVE;
				GCC_WARN_UNUSED_FUNCTION = YES;
				GCC_WARN_UNUSED_VARIABLE = YES;
				IPHONEOS_DEPLOYMENT_TARGET = 9.0;
				MTL_ENABLE_DEBUG_INFO = YES;
				ONLY_ACTIVE_ARCH = YES;
				SDKROOT = iphoneos;
				SWIFT_ACTIVE_COMPILATION_CONDITIONS = DEBUG;
				SWIFT_OPTIMIZATION_LEVEL = "-Onone";
				TARGETED_DEVICE_FAMILY = "1,2";
				VERSIONING_SYSTEM = "apple-generic";
				VERSION_INFO_PREFIX = "";
			};
			name = Debug;
		};
		9DE4FACA1E4B1A02008502A3 /* Release */ = {
			isa = XCBuildConfiguration;
			buildSettings = {
				ALWAYS_SEARCH_USER_PATHS = NO;
				CLANG_ANALYZER_NONNULL = YES;
				CLANG_CXX_LANGUAGE_STANDARD = "gnu++0x";
				CLANG_CXX_LIBRARY = "libc++";
				CLANG_ENABLE_MODULES = YES;
				CLANG_ENABLE_OBJC_ARC = YES;
				CLANG_WARN_BLOCK_CAPTURE_AUTORELEASING = YES;
				CLANG_WARN_BOOL_CONVERSION = YES;
				CLANG_WARN_COMMA = YES;
				CLANG_WARN_CONSTANT_CONVERSION = YES;
				CLANG_WARN_DIRECT_OBJC_ISA_USAGE = YES_ERROR;
				CLANG_WARN_DOCUMENTATION_COMMENTS = YES;
				CLANG_WARN_EMPTY_BODY = YES;
				CLANG_WARN_ENUM_CONVERSION = YES;
				CLANG_WARN_INFINITE_RECURSION = YES;
				CLANG_WARN_INT_CONVERSION = YES;
				CLANG_WARN_NON_LITERAL_NULL_CONVERSION = YES;
				CLANG_WARN_OBJC_LITERAL_CONVERSION = YES;
				CLANG_WARN_OBJC_ROOT_CLASS = YES_ERROR;
				CLANG_WARN_RANGE_LOOP_ANALYSIS = YES;
				CLANG_WARN_STRICT_PROTOTYPES = YES;
				CLANG_WARN_SUSPICIOUS_MOVE = YES;
				CLANG_WARN_UNREACHABLE_CODE = YES;
				CLANG_WARN__DUPLICATE_METHOD_MATCH = YES;
				"CODE_SIGN_IDENTITY[sdk=iphoneos*]" = "iPhone Developer";
				COPY_PHASE_STRIP = NO;
				CURRENT_PROJECT_VERSION = 1;
				DEBUG_INFORMATION_FORMAT = "dwarf-with-dsym";
				ENABLE_NS_ASSERTIONS = NO;
				ENABLE_STRICT_OBJC_MSGSEND = YES;
				GCC_C_LANGUAGE_STANDARD = gnu99;
				GCC_NO_COMMON_BLOCKS = YES;
				GCC_WARN_64_TO_32_BIT_CONVERSION = YES;
				GCC_WARN_ABOUT_RETURN_TYPE = YES_ERROR;
				GCC_WARN_UNDECLARED_SELECTOR = YES;
				GCC_WARN_UNINITIALIZED_AUTOS = YES_AGGRESSIVE;
				GCC_WARN_UNUSED_FUNCTION = YES;
				GCC_WARN_UNUSED_VARIABLE = YES;
				IPHONEOS_DEPLOYMENT_TARGET = 9.0;
				MTL_ENABLE_DEBUG_INFO = NO;
				SDKROOT = iphoneos;
				SWIFT_OPTIMIZATION_LEVEL = "-Owholemodule";
				TARGETED_DEVICE_FAMILY = "1,2";
				VALIDATE_PRODUCT = YES;
				VERSIONING_SYSTEM = "apple-generic";
				VERSION_INFO_PREFIX = "";
			};
			name = Release;
		};
		9DE4FACC1E4B1A02008502A3 /* Debug */ = {
			isa = XCBuildConfiguration;
			buildSettings = {
				CLANG_ENABLE_MODULES = YES;
				CODE_SIGN_IDENTITY = "";
				DEFINES_MODULE = YES;
				DEVELOPMENT_TEAM = "";
				DYLIB_COMPATIBILITY_VERSION = 1;
				DYLIB_CURRENT_VERSION = 1;
				DYLIB_INSTALL_NAME_BASE = "@rpath";
				INFOPLIST_FILE = ElongationPreview/Info.plist;
				INSTALL_PATH = "$(LOCAL_LIBRARY_DIR)/Frameworks";
				IPHONEOS_DEPLOYMENT_TARGET = 9.0;
				LD_RUNPATH_SEARCH_PATHS = "$(inherited) @executable_path/Frameworks @loader_path/Frameworks";
				PRODUCT_BUNDLE_IDENTIFIER = com.ramotion.ElongationPreview;
				PRODUCT_NAME = "$(TARGET_NAME)";
				SKIP_INSTALL = YES;
				SWIFT_OPTIMIZATION_LEVEL = "-Onone";
				SWIFT_VERSION = 3.0;
			};
			name = Debug;
		};
		9DE4FACD1E4B1A02008502A3 /* Release */ = {
			isa = XCBuildConfiguration;
			buildSettings = {
				CLANG_ENABLE_MODULES = YES;
				CODE_SIGN_IDENTITY = "";
				DEFINES_MODULE = YES;
				DEVELOPMENT_TEAM = "";
				DYLIB_COMPATIBILITY_VERSION = 1;
				DYLIB_CURRENT_VERSION = 1;
				DYLIB_INSTALL_NAME_BASE = "@rpath";
				INFOPLIST_FILE = ElongationPreview/Info.plist;
				INSTALL_PATH = "$(LOCAL_LIBRARY_DIR)/Frameworks";
				IPHONEOS_DEPLOYMENT_TARGET = 9.0;
				LD_RUNPATH_SEARCH_PATHS = "$(inherited) @executable_path/Frameworks @loader_path/Frameworks";
				PRODUCT_BUNDLE_IDENTIFIER = com.ramotion.ElongationPreview;
				PRODUCT_NAME = "$(TARGET_NAME)";
				SKIP_INSTALL = YES;
				SWIFT_VERSION = 3.0;
			};
			name = Release;
		};
		9DE4FAE21E4B1A15008502A3 /* Debug */ = {
			isa = XCBuildConfiguration;
			buildSettings = {
				ALWAYS_EMBED_SWIFT_STANDARD_LIBRARIES = YES;
				ASSETCATALOG_COMPILER_APPICON_NAME = AppIcon;
				DEVELOPMENT_TEAM = 486STKKP6Y;
				INFOPLIST_FILE = ElongationPreviewDemo/Info.plist;
				IPHONEOS_DEPLOYMENT_TARGET = 9.0;
				LD_RUNPATH_SEARCH_PATHS = "$(inherited) @executable_path/Frameworks";
				PRODUCT_BUNDLE_IDENTIFIER = com.ramotion.ElongationPreviewDemo;
				PRODUCT_NAME = "$(TARGET_NAME)";
				SWIFT_VERSION = 4.0;
				TARGETED_DEVICE_FAMILY = 1;
			};
			name = Debug;
		};
		9DE4FAE31E4B1A15008502A3 /* Release */ = {
			isa = XCBuildConfiguration;
			buildSettings = {
				ALWAYS_EMBED_SWIFT_STANDARD_LIBRARIES = YES;
				ASSETCATALOG_COMPILER_APPICON_NAME = AppIcon;
				DEVELOPMENT_TEAM = 486STKKP6Y;
				INFOPLIST_FILE = ElongationPreviewDemo/Info.plist;
				IPHONEOS_DEPLOYMENT_TARGET = 9.0;
				LD_RUNPATH_SEARCH_PATHS = "$(inherited) @executable_path/Frameworks";
				PRODUCT_BUNDLE_IDENTIFIER = com.ramotion.ElongationPreviewDemo;
				PRODUCT_NAME = "$(TARGET_NAME)";
				SWIFT_VERSION = 4.0;
				TARGETED_DEVICE_FAMILY = 1;
			};
			name = Release;
		};
/* End XCBuildConfiguration section */

/* Begin XCConfigurationList section */
		9D873CF11E7C2A1200826500 /* Build configuration list for PBXNativeTarget "ElongationPreviewUITests" */ = {
			isa = XCConfigurationList;
			buildConfigurations = (
				9D873CEF1E7C2A1200826500 /* Debug */,
				9D873CF01E7C2A1200826500 /* Release */,
			);
			defaultConfigurationIsVisible = 0;
			defaultConfigurationName = Release;
		};
		9DE4FABD1E4B1A02008502A3 /* Build configuration list for PBXProject "ElongationPreview" */ = {
			isa = XCConfigurationList;
			buildConfigurations = (
				9DE4FAC91E4B1A02008502A3 /* Debug */,
				9DE4FACA1E4B1A02008502A3 /* Release */,
			);
			defaultConfigurationIsVisible = 0;
			defaultConfigurationName = Release;
		};
		9DE4FACB1E4B1A02008502A3 /* Build configuration list for PBXNativeTarget "ElongationPreview" */ = {
			isa = XCConfigurationList;
			buildConfigurations = (
				9DE4FACC1E4B1A02008502A3 /* Debug */,
				9DE4FACD1E4B1A02008502A3 /* Release */,
			);
			defaultConfigurationIsVisible = 0;
			defaultConfigurationName = Release;
		};
		9DE4FAE11E4B1A15008502A3 /* Build configuration list for PBXNativeTarget "ElongationPreviewDemo" */ = {
			isa = XCConfigurationList;
			buildConfigurations = (
				9DE4FAE21E4B1A15008502A3 /* Debug */,
				9DE4FAE31E4B1A15008502A3 /* Release */,
			);
			defaultConfigurationIsVisible = 0;
			defaultConfigurationName = Release;
		};
/* End XCConfigurationList section */
	};
	rootObject = 9DE4FABA1E4B1A02008502A3 /* Project object */;
}
